
Microsoft Visual Studio Solution File, Format Version 12.00
# Visual Studio 2012
Project("{f2a71f9b-5d33-465a-a702-920d77279786}") = "TripDiaryIos", "TripDiaryIos\TripDiaryIos.fsproj", "{A1AEEDA6-C8FD-44A2-9576-1BDFCB5AFADB}"
EndProject
Project("{f2a71f9b-5d33-465a-a702-920d77279786}") = "TripDiaryIosLibrary", "TripDiaryIosLibrary\TripDiaryIosLibrary.fsproj", "{D345BAF4-1C81-4167-AC42-32AD5438A4B1}"
EndProject
Global
	GlobalSection(SolutionConfigurationPlatforms) = preSolution
		Debug|iPhoneSimulator = Debug|iPhoneSimulator
		Release|iPhoneSimulator = Release|iPhoneSimulator
		Debug|iPhone = Debug|iPhone
		Release|iPhone = Release|iPhone
		Ad-Hoc|iPhone = Ad-Hoc|iPhone
		AppStore|iPhone = AppStore|iPhone
	EndGlobalSection
	GlobalSection(ProjectConfigurationPlatforms) = postSolution
		{A1AEEDA6-C8FD-44A2-9576-1BDFCB5AFADB}.Ad-Hoc|iPhone.ActiveCfg = Ad-Hoc|iPhone
		{A1AEEDA6-C8FD-44A2-9576-1BDFCB5AFADB}.Ad-Hoc|iPhone.Build.0 = Ad-Hoc|iPhone
		{A1AEEDA6-C8FD-44A2-9576-1BDFCB5AFADB}.AppStore|iPhone.ActiveCfg = AppStore|iPhone
		{A1AEEDA6-C8FD-44A2-9576-1BDFCB5AFADB}.AppStore|iPhone.Build.0 = AppStore|iPhone
		{A1AEEDA6-C8FD-44A2-9576-1BDFCB5AFADB}.Debug|iPhone.ActiveCfg = Debug|iPhone
		{A1AEEDA6-C8FD-44A2-9576-1BDFCB5AFADB}.Debug|iPhone.Build.0 = Debug|iPhone
		{A1AEEDA6-C8FD-44A2-9576-1BDFCB5AFADB}.Debug|iPhoneSimulator.ActiveCfg = Debug|iPhoneSimulator
		{A1AEEDA6-C8FD-44A2-9576-1BDFCB5AFADB}.Debug|iPhoneSimulator.Build.0 = Debug|iPhoneSimulator
		{A1AEEDA6-C8FD-44A2-9576-1BDFCB5AFADB}.Release|iPhone.ActiveCfg = Release|iPhone
		{A1AEEDA6-C8FD-44A2-9576-1BDFCB5AFADB}.Release|iPhone.Build.0 = Release|iPhone
		{A1AEEDA6-C8FD-44A2-9576-1BDFCB5AFADB}.Release|iPhoneSimulator.ActiveCfg = Release|iPhoneSimulator
		{A1AEEDA6-C8FD-44A2-9576-1BDFCB5AFADB}.Release|iPhoneSimulator.Build.0 = Release|iPhoneSimulator
		{D345BAF4-1C81-4167-AC42-32AD5438A4B1}.Ad-Hoc|iPhone.ActiveCfg = Release|Any CPU
		{D345BAF4-1C81-4167-AC42-32AD5438A4B1}.Ad-Hoc|iPhone.Build.0 = Release|Any CPU
		{D345BAF4-1C81-4167-AC42-32AD5438A4B1}.AppStore|iPhone.ActiveCfg = Release|Any CPU
		{D345BAF4-1C81-4167-AC42-32AD5438A4B1}.AppStore|iPhone.Build.0 = Release|Any CPU
		{D345BAF4-1C81-4167-AC42-32AD5438A4B1}.Debug|iPhone.ActiveCfg = Debug|Any CPU
		{D345BAF4-1C81-4167-AC42-32AD5438A4B1}.Debug|iPhone.Build.0 = Debug|Any CPU
		{D345BAF4-1C81-4167-AC42-32AD5438A4B1}.Debug|iPhoneSimulator.ActiveCfg = Debug|Any CPU
		{D345BAF4-1C81-4167-AC42-32AD5438A4B1}.Debug|iPhoneSimulator.Build.0 = Debug|Any CPU
		{D345BAF4-1C81-4167-AC42-32AD5438A4B1}.Release|iPhone.ActiveCfg = Release|Any CPU
		{D345BAF4-1C81-4167-AC42-32AD5438A4B1}.Release|iPhone.Build.0 = Release|Any CPU
		{D345BAF4-1C81-4167-AC42-32AD5438A4B1}.Release|iPhoneSimulator.ActiveCfg = Release|Any CPU
		{D345BAF4-1C81-4167-AC42-32AD5438A4B1}.Release|iPhoneSimulator.Build.0 = Release|Any CPU
	EndGlobalSection
	GlobalSection(MonoDevelopProperties) = preSolution
		StartupItem = TripDiaryIos\TripDiaryIos.fsproj
	EndGlobalSection
EndGlobal
